// !$*UTF8*$!
{
	archiveVersion = 1;
	classes = {
	};
	objectVersion = 56;
	objects = {

/* Begin PBXBuildFile section */
		5C7282E02991E704007A6D3F /* AppDelegate.swift in Sources */ = {isa = PBXBuildFile; fileRef = 5C7282DF2991E704007A6D3F /* AppDelegate.swift */; };
		5C7282E22991E704007A6D3F /* SceneDelegate.swift in Sources */ = {isa = PBXBuildFile; fileRef = 5C7282E12991E704007A6D3F /* SceneDelegate.swift */; };
		5C7282E42991E704007A6D3F /* ViewController.swift in Sources */ = {isa = PBXBuildFile; fileRef = 5C7282E32991E704007A6D3F /* ViewController.swift */; };
		5C7282E72991E704007A6D3F /* Main.storyboard in Resources */ = {isa = PBXBuildFile; fileRef = 5C7282E52991E704007A6D3F /* Main.storyboard */; };
		5C7282E92991E707007A6D3F /* Assets.xcassets in Resources */ = {isa = PBXBuildFile; fileRef = 5C7282E82991E707007A6D3F /* Assets.xcassets */; };
		5C7282EC2991E707007A6D3F /* LaunchScreen.storyboard in Resources */ = {isa = PBXBuildFile; fileRef = 5C7282EA2991E707007A6D3F /* LaunchScreen.storyboard */; };
		5C7282F72991E707007A6D3F /* LatihanEmpheralSessionTests.swift in Sources */ = {isa = PBXBuildFile; fileRef = 5C7282F62991E707007A6D3F /* LatihanEmpheralSessionTests.swift */; };
		5C7283012991E707007A6D3F /* LatihanEmpheralSessionUITests.swift in Sources */ = {isa = PBXBuildFile; fileRef = 5C7283002991E707007A6D3F /* LatihanEmpheralSessionUITests.swift */; };
		5C7283032991E707007A6D3F /* LatihanEmpheralSessionUITestsLaunchTests.swift in Sources */ = {isa = PBXBuildFile; fileRef = 5C7283022991E707007A6D3F /* LatihanEmpheralSessionUITestsLaunchTests.swift */; };
/* End PBXBuildFile section */

/* Begin PBXContainerItemProxy section */
		5C7282F32991E707007A6D3F /* PBXContainerItemProxy */ = {
			isa = PBXContainerItemProxy;
			containerPortal = 5C7282D42991E704007A6D3F /* Project object */;
			proxyType = 1;
			remoteGlobalIDString = 5C7282DB2991E704007A6D3F;
			remoteInfo = LatihanEmpheralSession;
		};
		5C7282FD2991E707007A6D3F /* PBXContainerItemProxy */ = {
			isa = PBXContainerItemProxy;
			containerPortal = 5C7282D42991E704007A6D3F /* Project object */;
			proxyType = 1;
			remoteGlobalIDString = 5C7282DB2991E704007A6D3F;
			remoteInfo = LatihanEmpheralSession;
		};
/* End PBXContainerItemProxy section */

/* Begin PBXFileReference section */
		5C7282DC2991E704007A6D3F /* LatihanEmpheralSession.app */ = {isa = PBXFileReference; explicitFileType = wrapper.application; includeInIndex = 0; path = LatihanEmpheralSession.app; sourceTree = BUILT_PRODUCTS_DIR; };
		5C7282DF2991E704007A6D3F /* AppDelegate.swift */ = {isa = PBXFileReference; lastKnownFileType = sourcecode.swift; path = AppDelegate.swift; sourceTree = "<group>"; };
		5C7282E12991E704007A6D3F /* SceneDelegate.swift */ = {isa = PBXFileReference; lastKnownFileType = sourcecode.swift; path = SceneDelegate.swift; sourceTree = "<group>"; };
		5C7282E32991E704007A6D3F /* ViewController.swift */ = {isa = PBXFileReference; lastKnownFileType = sourcecode.swift; path = ViewController.swift; sourceTree = "<group>"; };
		5C7282E62991E704007A6D3F /* Base */ = {isa = PBXFileReference; lastKnownFileType = file.storyboard; name = Base; path = Base.lproj/Main.storyboard; sourceTree = "<group>"; };
		5C7282E82991E707007A6D3F /* Assets.xcassets */ = {isa = PBXFileReference; lastKnownFileType = folder.assetcatalog; path = Assets.xcassets; sourceTree = "<group>"; };
		5C7282EB2991E707007A6D3F /* Base */ = {isa = PBXFileReference; lastKnownFileType = file.storyboard; name = Base; path = Base.lproj/LaunchScreen.storyboard; sourceTree = "<group>"; };
		5C7282ED2991E707007A6D3F /* Info.plist */ = {isa = PBXFileReference; lastKnownFileType = text.plist.xml; path = Info.plist; sourceTree = "<group>"; };
		5C7282F22991E707007A6D3F /* LatihanEmpheralSessionTests.xctest */ = {isa = PBXFileReference; explicitFileType = wrapper.cfbundle; includeInIndex = 0; path = LatihanEmpheralSessionTests.xctest; sourceTree = BUILT_PRODUCTS_DIR; };
		5C7282F62991E707007A6D3F /* LatihanEmpheralSessionTests.swift */ = {isa = PBXFileReference; lastKnownFileType = sourcecode.swift; path = LatihanEmpheralSessionTests.swift; sourceTree = "<group>"; };
		5C7282FC2991E707007A6D3F /* LatihanEmpheralSessionUITests.xctest */ = {isa = PBXFileReference; explicitFileType = wrapper.cfbundle; includeInIndex = 0; path = LatihanEmpheralSessionUITests.xctest; sourceTree = BUILT_PRODUCTS_DIR; };
		5C7283002991E707007A6D3F /* LatihanEmpheralSessionUITests.swift */ = {isa = PBXFileReference; lastKnownFileType = sourcecode.swift; path = LatihanEmpheralSessionUITests.swift; sourceTree = "<group>"; };
		5C7283022991E707007A6D3F /* LatihanEmpheralSessionUITestsLaunchTests.swift */ = {isa = PBXFileReference; lastKnownFileType = sourcecode.swift; path = LatihanEmpheralSessionUITestsLaunchTests.swift; sourceTree = "<group>"; };
/* End PBXFileReference section */

/* Begin PBXFrameworksBuildPhase section */
		5C7282D92991E704007A6D3F /* Frameworks */ = {
			isa = PBXFrameworksBuildPhase;
			buildActionMask = 2147483647;
			files = (
			);
			runOnlyForDeploymentPostprocessing = 0;
		};
		5C7282EF2991E707007A6D3F /* Frameworks */ = {
			isa = PBXFrameworksBuildPhase;
			buildActionMask = 2147483647;
			files = (
			);
			runOnlyForDeploymentPostprocessing = 0;
		};
		5C7282F92991E707007A6D3F /* Frameworks */ = {
			isa = PBXFrameworksBuildPhase;
			buildActionMask = 2147483647;
			files = (
			);
			runOnlyForDeploymentPostprocessing = 0;
		};
/* End PBXFrameworksBuildPhase section */

/* Begin PBXGroup section */
		5C7282D32991E704007A6D3F = {
			isa = PBXGroup;
			children = (
				5C7282DE2991E704007A6D3F /* LatihanEmpheralSession */,
				5C7282F52991E707007A6D3F /* LatihanEmpheralSessionTests */,
				5C7282FF2991E707007A6D3F /* LatihanEmpheralSessionUITests */,
				5C7282DD2991E704007A6D3F /* Products */,
			);
			sourceTree = "<group>";
		};
		5C7282DD2991E704007A6D3F /* Products */ = {
			isa = PBXGroup;
			children = (
				5C7282DC2991E704007A6D3F /* LatihanEmpheralSession.app */,
				5C7282F22991E707007A6D3F /* LatihanEmpheralSessionTests.xctest */,
				5C7282FC2991E707007A6D3F /* LatihanEmpheralSessionUITests.xctest */,
			);
			name = Products;
			sourceTree = "<group>";
		};
		5C7282DE2991E704007A6D3F /* LatihanEmpheralSession */ = {
			isa = PBXGroup;
			children = (
				5C7282DF2991E704007A6D3F /* AppDelegate.swift */,
				5C7282E12991E704007A6D3F /* SceneDelegate.swift */,
				5C7282E32991E704007A6D3F /* ViewController.swift */,
				5C7282E52991E704007A6D3F /* Main.storyboard */,
				5C7282E82991E707007A6D3F /* Assets.xcassets */,
				5C7282EA2991E707007A6D3F /* LaunchScreen.storyboard */,
				5C7282ED2991E707007A6D3F /* Info.plist */,
			);
			path = LatihanEmpheralSession;
			sourceTree = "<group>";
		};
		5C7282F52991E707007A6D3F /* LatihanEmpheralSessionTests */ = {
			isa = PBXGroup;
			children = (
				5C7282F62991E707007A6D3F /* LatihanEmpheralSessionTests.swift */,
			);
			path = LatihanEmpheralSessionTests;
			sourceTree = "<group>";
		};
		5C7282FF2991E707007A6D3F /* LatihanEmpheralSessionUITests */ = {
			isa = PBXGroup;
			children = (
				5C7283002991E707007A6D3F /* LatihanEmpheralSessionUITests.swift */,
				5C7283022991E707007A6D3F /* LatihanEmpheralSessionUITestsLaunchTests.swift */,
			);
			path = LatihanEmpheralSessionUITests;
			sourceTree = "<group>";
		};
/* End PBXGroup section */

/* Begin PBXNativeTarget section */
		5C7282DB2991E704007A6D3F /* LatihanEmpheralSession */ = {
			isa = PBXNativeTarget;
			buildConfigurationList = 5C7283062991E707007A6D3F /* Build configuration list for PBXNativeTarget "LatihanEmpheralSession" */;
			buildPhases = (
				5C7282D82991E704007A6D3F /* Sources */,
				5C7282D92991E704007A6D3F /* Frameworks */,
				5C7282DA2991E704007A6D3F /* Resources */,
			);
			buildRules = (
			);
			dependencies = (
			);
			name = LatihanEmpheralSession;
			productName = LatihanEmpheralSession;
			productReference = 5C7282DC2991E704007A6D3F /* LatihanEmpheralSession.app */;
			productType = "com.apple.product-type.application";
		};
		5C7282F12991E707007A6D3F /* LatihanEmpheralSessionTests */ = {
			isa = PBXNativeTarget;
			buildConfigurationList = 5C7283092991E707007A6D3F /* Build configuration list for PBXNativeTarget "LatihanEmpheralSessionTests" */;
			buildPhases = (
				5C7282EE2991E707007A6D3F /* Sources */,
				5C7282EF2991E707007A6D3F /* Frameworks */,
				5C7282F02991E707007A6D3F /* Resources */,
			);
			buildRules = (
			);
			dependencies = (
				5C7282F42991E707007A6D3F /* PBXTargetDependency */,
			);
			name = LatihanEmpheralSessionTests;
			productName = LatihanEmpheralSessionTests;
			productReference = 5C7282F22991E707007A6D3F /* LatihanEmpheralSessionTests.xctest */;
			productType = "com.apple.product-type.bundle.unit-test";
		};
		5C7282FB2991E707007A6D3F /* LatihanEmpheralSessionUITests */ = {
			isa = PBXNativeTarget;
			buildConfigurationList = 5C72830C2991E707007A6D3F /* Build configuration list for PBXNativeTarget "LatihanEmpheralSessionUITests" */;
			buildPhases = (
				5C7282F82991E707007A6D3F /* Sources */,
				5C7282F92991E707007A6D3F /* Frameworks */,
				5C7282FA2991E707007A6D3F /* Resources */,
			);
			buildRules = (
			);
			dependencies = (
				5C7282FE2991E707007A6D3F /* PBXTargetDependency */,
			);
			name = LatihanEmpheralSessionUITests;
			productName = LatihanEmpheralSessionUITests;
			productReference = 5C7282FC2991E707007A6D3F /* LatihanEmpheralSessionUITests.xctest */;
			productType = "com.apple.product-type.bundle.ui-testing";
		};
/* End PBXNativeTarget section */

/* Begin PBXProject section */
		5C7282D42991E704007A6D3F /* Project object */ = {
			isa = PBXProject;
			attributes = {
				BuildIndependentTargetsInParallel = 1;
				LastSwiftUpdateCheck = 1420;
				LastUpgradeCheck = 1420;
				TargetAttributes = {
					5C7282DB2991E704007A6D3F = {
						CreatedOnToolsVersion = 14.2;
					};
					5C7282F12991E707007A6D3F = {
						CreatedOnToolsVersion = 14.2;
						TestTargetID = 5C7282DB2991E704007A6D3F;
					};
					5C7282FB2991E707007A6D3F = {
						CreatedOnToolsVersion = 14.2;
						TestTargetID = 5C7282DB2991E704007A6D3F;
					};
				};
			};
			buildConfigurationList = 5C7282D72991E704007A6D3F /* Build configuration list for PBXProject "LatihanEmpheralSession" */;
			compatibilityVersion = "Xcode 14.0";
			developmentRegion = en;
			hasScannedForEncodings = 0;
			knownRegions = (
				en,
				Base,
			);
			mainGroup = 5C7282D32991E704007A6D3F;
			productRefGroup = 5C7282DD2991E704007A6D3F /* Products */;
			projectDirPath = "";
			projectRoot = "";
			targets = (
				5C7282DB2991E704007A6D3F /* LatihanEmpheralSession */,
				5C7282F12991E707007A6D3F /* LatihanEmpheralSessionTests */,
				5C7282FB2991E707007A6D3F /* LatihanEmpheralSessionUITests */,
			);
		};
/* End PBXProject section */

/* Begin PBXResourcesBuildPhase section */
		5C7282DA2991E704007A6D3F /* Resources */ = {
			isa = PBXResourcesBuildPhase;
			buildActionMask = 2147483647;
			files = (
				5C7282EC2991E707007A6D3F /* LaunchScreen.storyboard in Resources */,
				5C7282E92991E707007A6D3F /* Assets.xcassets in Resources */,
				5C7282E72991E704007A6D3F /* Main.storyboard in Resources */,
			);
			runOnlyForDeploymentPostprocessing = 0;
		};
		5C7282F02991E707007A6D3F /* Resources */ = {
			isa = PBXResourcesBuildPhase;
			buildActionMask = 2147483647;
			files = (
			);
			runOnlyForDeploymentPostprocessing = 0;
		};
		5C7282FA2991E707007A6D3F /* Resources */ = {
			isa = PBXResourcesBuildPhase;
			buildActionMask = 2147483647;
			files = (
			);
			runOnlyForDeploymentPostprocessing = 0;
		};
/* End PBXResourcesBuildPhase section */

/* Begin PBXSourcesBuildPhase section */
		5C7282D82991E704007A6D3F /* Sources */ = {
			isa = PBXSourcesBuildPhase;
			buildActionMask = 2147483647;
			files = (
				5C7282E42991E704007A6D3F /* ViewController.swift in Sources */,
				5C7282E02991E704007A6D3F /* AppDelegate.swift in Sources */,
				5C7282E22991E704007A6D3F /* SceneDelegate.swift in Sources */,
			);
			runOnlyForDeploymentPostprocessing = 0;
		};
		5C7282EE2991E707007A6D3F /* Sources */ = {
			isa = PBXSourcesBuildPhase;
			buildActionMask = 2147483647;
			files = (
				5C7282F72991E707007A6D3F /* LatihanEmpheralSessionTests.swift in Sources */,
			);
			runOnlyForDeploymentPostprocessing = 0;
		};
		5C7282F82991E707007A6D3F /* Sources */ = {
			isa = PBXSourcesBuildPhase;
			buildActionMask = 2147483647;
			files = (
				5C7283012991E707007A6D3F /* LatihanEmpheralSessionUITests.swift in Sources */,
				5C7283032991E707007A6D3F /* LatihanEmpheralSessionUITestsLaunchTests.swift in Sources */,
			);
			runOnlyForDeploymentPostprocessing = 0;
		};
/* End PBXSourcesBuildPhase section */

/* Begin PBXTargetDependency section */
		5C7282F42991E707007A6D3F /* PBXTargetDependency */ = {
			isa = PBXTargetDependency;
			target = 5C7282DB2991E704007A6D3F /* LatihanEmpheralSession */;
			targetProxy = 5C7282F32991E707007A6D3F /* PBXContainerItemProxy */;
		};
		5C7282FE2991E707007A6D3F /* PBXTargetDependency */ = {
			isa = PBXTargetDependency;
			target = 5C7282DB2991E704007A6D3F /* LatihanEmpheralSession */;
			targetProxy = 5C7282FD2991E707007A6D3F /* PBXContainerItemProxy */;
		};
/* End PBXTargetDependency section */

/* Begin PBXVariantGroup section */
		5C7282E52991E704007A6D3F /* Main.storyboard */ = {
			isa = PBXVariantGroup;
			children = (
				5C7282E62991E704007A6D3F /* Base */,
			);
			name = Main.storyboard;
			sourceTree = "<group>";
		};
		5C7282EA2991E707007A6D3F /* LaunchScreen.storyboard */ = {
			isa = PBXVariantGroup;
			children = (
				5C7282EB2991E707007A6D3F /* Base */,
			);
			name = LaunchScreen.storyboard;
			sourceTree = "<group>";
		};
/* End PBXVariantGroup section */

/* Begin XCBuildConfiguration section */
		5C7283042991E707007A6D3F /* Debug */ = {
			isa = XCBuildConfiguration;
			buildSettings = {
				ALWAYS_SEARCH_USER_PATHS = NO;
				CLANG_ANALYZER_NONNULL = YES;
				CLANG_ANALYZER_NUMBER_OBJECT_CONVERSION = YES_AGGRESSIVE;
				CLANG_CXX_LANGUAGE_STANDARD = "gnu++20";
				CLANG_ENABLE_MODULES = YES;
				CLANG_ENABLE_OBJC_ARC = YES;
				CLANG_ENABLE_OBJC_WEAK = YES;
				CLANG_WARN_BLOCK_CAPTURE_AUTORELEASING = YES;
				CLANG_WARN_BOOL_CONVERSION = YES;
				CLANG_WARN_COMMA = YES;
				CLANG_WARN_CONSTANT_CONVERSION = YES;
				CLANG_WARN_DEPRECATED_OBJC_IMPLEMENTATIONS = YES;
				CLANG_WARN_DIRECT_OBJC_ISA_USAGE = YES_ERROR;
				CLANG_WARN_DOCUMENTATION_COMMENTS = YES;
				CLANG_WARN_EMPTY_BODY = YES;
				CLANG_WARN_ENUM_CONVERSION = YES;
				CLANG_WARN_INFINITE_RECURSION = YES;
				CLANG_WARN_INT_CONVERSION = YES;
				CLANG_WARN_NON_LITERAL_NULL_CONVERSION = YES;
				CLANG_WARN_OBJC_IMPLICIT_RETAIN_SELF = YES;
				CLANG_WARN_OBJC_LITERAL_CONVERSION = YES;
				CLANG_WARN_OBJC_ROOT_CLASS = YES_ERROR;
				CLANG_WARN_QUOTED_INCLUDE_IN_FRAMEWORK_HEADER = YES;
				CLANG_WARN_RANGE_LOOP_ANALYSIS = YES;
				CLANG_WARN_STRICT_PROTOTYPES = YES;
				CLANG_WARN_SUSPICIOUS_MOVE = YES;
				CLANG_WARN_UNGUARDED_AVAILABILITY = YES_AGGRESSIVE;
				CLANG_WARN_UNREACHABLE_CODE = YES;
				CLANG_WARN__DUPLICATE_METHOD_MATCH = YES;
				COPY_PHASE_STRIP = NO;
				DEBUG_INFORMATION_FORMAT = dwarf;
				ENABLE_STRICT_OBJC_MSGSEND = YES;
				ENABLE_TESTABILITY = YES;
				GCC_C_LANGUAGE_STANDARD = gnu11;
				GCC_DYNAMIC_NO_PIC = NO;
				GCC_NO_COMMON_BLOCKS = YES;
				GCC_OPTIMIZATION_LEVEL = 0;
				GCC_PREPROCESSOR_DEFINITIONS = (
					"DEBUG=1",
					"$(inherited)",
				);
				GCC_WARN_64_TO_32_BIT_CONVERSION = YES;
				GCC_WARN_ABOUT_RETURN_TYPE = YES_ERROR;
				GCC_WARN_UNDECLARED_SELECTOR = YES;
				GCC_WARN_UNINITIALIZED_AUTOS = YES_AGGRESSIVE;
				GCC_WARN_UNUSED_FUNCTION = YES;
				GCC_WARN_UNUSED_VARIABLE = YES;
				IPHONEOS_DEPLOYMENT_TARGET = 16.2;
				MTL_ENABLE_DEBUG_INFO = INCLUDE_SOURCE;
				MTL_FAST_MATH = YES;
				ONLY_ACTIVE_ARCH = YES;
				SDKROOT = iphoneos;
				SWIFT_ACTIVE_COMPILATION_CONDITIONS = DEBUG;
				SWIFT_OPTIMIZATION_LEVEL = "-Onone";
			};
			name = Debug;
		};
		5C7283052991E707007A6D3F /* Release */ = {
			isa = XCBuildConfiguration;
			buildSettings = {
				ALWAYS_SEARCH_USER_PATHS = NO;
				CLANG_ANALYZER_NONNULL = YES;
				CLANG_ANALYZER_NUMBER_OBJECT_CONVERSION = YES_AGGRESSIVE;
				CLANG_CXX_LANGUAGE_STANDARD = "gnu++20";
				CLANG_ENABLE_MODULES = YES;
				CLANG_ENABLE_OBJC_ARC = YES;
				CLANG_ENABLE_OBJC_WEAK = YES;
				CLANG_WARN_BLOCK_CAPTURE_AUTORELEASING = YES;
				CLANG_WARN_BOOL_CONVERSION = YES;
				CLANG_WARN_COMMA = YES;
				CLANG_WARN_CONSTANT_CONVERSION = YES;
				CLANG_WARN_DEPRECATED_OBJC_IMPLEMENTATIONS = YES;
				CLANG_WARN_DIRECT_OBJC_ISA_USAGE = YES_ERROR;
				CLANG_WARN_DOCUMENTATION_COMMENTS = YES;
				CLANG_WARN_EMPTY_BODY = YES;
				CLANG_WARN_ENUM_CONVERSION = YES;
				CLANG_WARN_INFINITE_RECURSION = YES;
				CLANG_WARN_INT_CONVERSION = YES;
				CLANG_WARN_NON_LITERAL_NULL_CONVERSION = YES;
				CLANG_WARN_OBJC_IMPLICIT_RETAIN_SELF = YES;
				CLANG_WARN_OBJC_LITERAL_CONVERSION = YES;
				CLANG_WARN_OBJC_ROOT_CLASS = YES_ERROR;
				CLANG_WARN_QUOTED_INCLUDE_IN_FRAMEWORK_HEADER = YES;
				CLANG_WARN_RANGE_LOOP_ANALYSIS = YES;
				CLANG_WARN_STRICT_PROTOTYPES = YES;
				CLANG_WARN_SUSPICIOUS_MOVE = YES;
				CLANG_WARN_UNGUARDED_AVAILABILITY = YES_AGGRESSIVE;
				CLANG_WARN_UNREACHABLE_CODE = YES;
				CLANG_WARN__DUPLICATE_METHOD_MATCH = YES;
				COPY_PHASE_STRIP = NO;
				DEBUG_INFORMATION_FORMAT = "dwarf-with-dsym";
				ENABLE_NS_ASSERTIONS = NO;
				ENABLE_STRICT_OBJC_MSGSEND = YES;
				GCC_C_LANGUAGE_STANDARD = gnu11;
				GCC_NO_COMMON_BLOCKS = YES;
				GCC_WARN_64_TO_32_BIT_CONVERSION = YES;
				GCC_WARN_ABOUT_RETURN_TYPE = YES_ERROR;
				GCC_WARN_UNDECLARED_SELECTOR = YES;
				GCC_WARN_UNINITIALIZED_AUTOS = YES_AGGRESSIVE;
				GCC_WARN_UNUSED_FUNCTION = YES;
				GCC_WARN_UNUSED_VARIABLE = YES;
				IPHONEOS_DEPLOYMENT_TARGET = 16.2;
				MTL_ENABLE_DEBUG_INFO = NO;
				MTL_FAST_MATH = YES;
				SDKROOT = iphoneos;
				SWIFT_COMPILATION_MODE = wholemodule;
				SWIFT_OPTIMIZATION_LEVEL = "-O";
				VALIDATE_PRODUCT = YES;
			};
			name = Release;
		};
		5C7283072991E707007A6D3F /* Debug */ = {
			isa = XCBuildConfiguration;
			buildSettings = {
				ASSETCATALOG_COMPILER_APPICON_NAME = AppIcon;
				ASSETCATALOG_COMPILER_GLOBAL_ACCENT_COLOR_NAME = AccentColor;
				CODE_SIGN_STYLE = Automatic;
				CURRENT_PROJECT_VERSION = 1;
				GENERATE_INFOPLIST_FILE = YES;
				INFOPLIST_FILE = LatihanEmpheralSession/Info.plist;
				INFOPLIST_KEY_UIApplicationSupportsIndirectInputEvents = YES;
				INFOPLIST_KEY_UILaunchStoryboardName = LaunchScreen;
				INFOPLIST_KEY_UIMainStoryboardFile = Main;
				INFOPLIST_KEY_UISupportedInterfaceOrientations_iPad = "UIInterfaceOrientationPortrait UIInterfaceOrientationPortraitUpsideDown UIInterfaceOrientationLandscapeLeft UIInterfaceOrientationLandscapeRight";
				INFOPLIST_KEY_UISupportedInterfaceOrientations_iPhone = "UIInterfaceOrientationPortrait UIInterfaceOrientationLandscapeLeft UIInterfaceOrientationLandscapeRight";
				LD_RUNPATH_SEARCH_PATHS = (
					"$(inherited)",
					"@executable_path/Frameworks",
				);
				MARKETING_VERSION = 1.0;
				PRODUCT_BUNDLE_IDENTIFIER = pdamkotasmg.id.LatihanEmpheralSession;
				PRODUCT_NAME = "$(TARGET_NAME)";
				SWIFT_EMIT_LOC_STRINGS = YES;
				SWIFT_VERSION = 5.0;
				TARGETED_DEVICE_FAMILY = "1,2";
			};
			name = Debug;
		};
		5C7283082991E707007A6D3F /* Release */ = {
			isa = XCBuildConfiguration;
			buildSettings = {
				ASSETCATALOG_COMPILER_APPICON_NAME = AppIcon;
				ASSETCATALOG_COMPILER_GLOBAL_ACCENT_COLOR_NAME = AccentColor;
				CODE_SIGN_STYLE = Automatic;
				CURRENT_PROJECT_VERSION = 1;
				GENERATE_INFOPLIST_FILE = YES;
				INFOPLIST_FILE = LatihanEmpheralSession/Info.plist;
				INFOPLIST_KEY_UIApplicationSupportsIndirectInputEvents = YES;
				INFOPLIST_KEY_UILaunchStoryboardName = LaunchScreen;
				INFOPLIST_KEY_UIMainStoryboardFile = Main;
				INFOPLIST_KEY_UISupportedInterfaceOrientations_iPad = "UIInterfaceOrientationPortrait UIInterfaceOrientationPortraitUpsideDown UIInterfaceOrientationLandscapeLeft UIInterfaceOrientationLandscapeRight";
				INFOPLIST_KEY_UISupportedInterfaceOrientations_iPhone = "UIInterfaceOrientationPortrait UIInterfaceOrientationLandscapeLeft UIInterfaceOrientationLandscapeRight";
				LD_RUNPATH_SEARCH_PATHS = (
					"$(inherited)",
					"@executable_path/Frameworks",
				);
				MARKETING_VERSION = 1.0;
				PRODUCT_BUNDLE_IDENTIFIER = pdamkotasmg.id.LatihanEmpheralSession;
				PRODUCT_NAME = "$(TARGET_NAME)";
				SWIFT_EMIT_LOC_STRINGS = YES;
				SWIFT_VERSION = 5.0;
				TARGETED_DEVICE_FAMILY = "1,2";
			};
			name = Release;
		};
		5C72830A2991E707007A6D3F /* Debug */ = {
			isa = XCBuildConfiguration;
			buildSettings = {
				ALWAYS_EMBED_SWIFT_STANDARD_LIBRARIES = YES;
				BUNDLE_LOADER = "$(TEST_HOST)";
				CODE_SIGN_STYLE = Automatic;
				CURRENT_PROJECT_VERSION = 1;
				GENERATE_INFOPLIST_FILE = YES;
				IPHONEOS_DEPLOYMENT_TARGET = 16.2;
				MARKETING_VERSION = 1.0;
				PRODUCT_BUNDLE_IDENTIFIER = pdamkotasmg.id.LatihanEmpheralSessionTests;
				PRODUCT_NAME = "$(TARGET_NAME)";
				SWIFT_EMIT_LOC_STRINGS = NO;
				SWIFT_VERSION = 5.0;
				TARGETED_DEVICE_FAMILY = "1,2";
				TEST_HOST = "$(BUILT_PRODUCTS_DIR)/LatihanEmpheralSession.app/$(BUNDLE_EXECUTABLE_FOLDER_PATH)/LatihanEmpheralSession";
			};
			name = Debug;
		};
		5C72830B2991E707007A6D3F /* Release */ = {
			isa = XCBuildConfiguration;
			buildSettings = {
				ALWAYS_EMBED_SWIFT_STANDARD_LIBRARIES = YES;
				BUNDLE_LOADER = "$(TEST_HOST)";
				CODE_SIGN_STYLE = Automatic;
				CURRENT_PROJECT_VERSION = 1;
				GENERATE_INFOPLIST_FILE = YES;
				IPHONEOS_DEPLOYMENT_TARGET = 16.2;
				MARKETING_VERSION = 1.0;
				PRODUCT_BUNDLE_IDENTIFIER = pdamkotasmg.id.LatihanEmpheralSessionTests;
				PRODUCT_NAME = "$(TARGET_NAME)";
				SWIFT_EMIT_LOC_STRINGS = NO;
				SWIFT_VERSION = 5.0;
				TARGETED_DEVICE_FAMILY = "1,2";
				TEST_HOST = "$(BUILT_PRODUCTS_DIR)/LatihanEmpheralSession.app/$(BUNDLE_EXECUTABLE_FOLDER_PATH)/LatihanEmpheralSession";
			};
			name = Release;
		};
		5C72830D2991E707007A6D3F /* Debug */ = {
			isa = XCBuildConfiguration;
			buildSettings = {
				ALWAYS_EMBED_SWIFT_STANDARD_LIBRARIES = YES;
				CODE_SIGN_STYLE = Automatic;
				CURRENT_PROJECT_VERSION = 1;
				GENERATE_INFOPLIST_FILE = YES;
				MARKETING_VERSION = 1.0;
				PRODUCT_BUNDLE_IDENTIFIER = pdamkotasmg.id.LatihanEmpheralSessionUITests;
				PRODUCT_NAME = "$(TARGET_NAME)";
				SWIFT_EMIT_LOC_STRINGS = NO;
				SWIFT_VERSION = 5.0;
				TARGETED_DEVICE_FAMILY = "1,2";
				TEST_TARGET_NAME = LatihanEmpheralSession;
			};
			name = Debug;
		};
		5C72830E2991E707007A6D3F /* Release */ = {
			isa = XCBuildConfiguration;
			buildSettings = {
				ALWAYS_EMBED_SWIFT_STANDARD_LIBRARIES = YES;
				CODE_SIGN_STYLE = Automatic;
				CURRENT_PROJECT_VERSION = 1;
				GENERATE_INFOPLIST_FILE = YES;
				MARKETING_VERSION = 1.0;
				PRODUCT_BUNDLE_IDENTIFIER = pdamkotasmg.id.LatihanEmpheralSessionUITests;
				PRODUCT_NAME = "$(TARGET_NAME)";
				SWIFT_EMIT_LOC_STRINGS = NO;
				SWIFT_VERSION = 5.0;
				TARGETED_DEVICE_FAMILY = "1,2";
				TEST_TARGET_NAME = LatihanEmpheralSession;
			};
			name = Release;
		};
/* End XCBuildConfiguration section */

/* Begin XCConfigurationList section */
		5C7282D72991E704007A6D3F /* Build configuration list for PBXProject "LatihanEmpheralSession" */ = {
			isa = XCConfigurationList;
			buildConfigurations = (
				5C7283042991E707007A6D3F /* Debug */,
				5C7283052991E707007A6D3F /* Release */,
			);
			defaultConfigurationIsVisible = 0;
			defaultConfigurationName = Release;
		};
		5C7283062991E707007A6D3F /* Build configuration list for PBXNativeTarget "LatihanEmpheralSession" */ = {
			isa = XCConfigurationList;
			buildConfigurations = (
				5C7283072991E707007A6D3F /* Debug */,
				5C7283082991E707007A6D3F /* Release */,
			);
			defaultConfigurationIsVisible = 0;
			defaultConfigurationName = Release;
		};
		5C7283092991E707007A6D3F /* Build configuration list for PBXNativeTarget "LatihanEmpheralSessionTests" */ = {
			isa = XCConfigurationList;
			buildConfigurations = (
				5C72830A2991E707007A6D3F /* Debug */,
				5C72830B2991E707007A6D3F /* Release */,
			);
			defaultConfigurationIsVisible = 0;
			defaultConfigurationName = Release;
		};
		5C72830C2991E707007A6D3F /* Build configuration list for PBXNativeTarget "LatihanEmpheralSessionUITests" */ = {
			isa = XCConfigurationList;
			buildConfigurations = (
				5C72830D2991E707007A6D3F /* Debug */,
				5C72830E2991E707007A6D3F /* Release */,
			);
			defaultConfigurationIsVisible = 0;
			defaultConfigurationName = Release;
		};
/* End XCConfigurationList section */
	};
	rootObject = 5C7282D42991E704007A6D3F /* Project object */;
}
